// !$*UTF8*$!
{
	archiveVersion = 1;
	classes = {
	};
	objectVersion = 46;
	objects = {

/* Begin PBXBuildFile section */
		376DE0501CBD044C004F6D24 /* main.m in Sources */ = {isa = PBXBuildFile; fileRef = 376DE04F1CBD044C004F6D24 /* main.m */; };
		376DE0531CBD044C004F6D24 /* AppDelegate.m in Sources */ = {isa = PBXBuildFile; fileRef = 376DE0521CBD044C004F6D24 /* AppDelegate.m */; };
		376DE0561CBD044C004F6D24 /* ViewController.m in Sources */ = {isa = PBXBuildFile; fileRef = 376DE0551CBD044C004F6D24 /* ViewController.m */; };
		376DE0591CBD044C004F6D24 /* Main.storyboard in Resources */ = {isa = PBXBuildFile; fileRef = 376DE0571CBD044C004F6D24 /* Main.storyboard */; };
		376DE05B1CBD044C004F6D24 /* Assets.xcassets in Resources */ = {isa = PBXBuildFile; fileRef = 376DE05A1CBD044C004F6D24 /* Assets.xcassets */; };
		376DE05E1CBD044C004F6D24 /* LaunchScreen.storyboard in Resources */ = {isa = PBXBuildFile; fileRef = 376DE05C1CBD044C004F6D24 /* LaunchScreen.storyboard */; };
		376DE0691CBD044C004F6D24 /* iOSDevTestTests.m in Sources */ = {isa = PBXBuildFile; fileRef = 376DE0681CBD044C004F6D24 /* iOSDevTestTests.m */; };
		3C48650E11FE3A046A81A23E /* libPods-iOSDevTest.a in Frameworks */ = {isa = PBXBuildFile; fileRef = 31349A7FC2BE9D85622F4F29 /* libPods-iOSDevTest.a */; };
		6435F68E717C7B3F1CDA8676 /* libPods-iOSDevTestTests.a in Frameworks */ = {isa = PBXBuildFile; fileRef = 05A9609E6B9C73F36EECB73C /* libPods-iOSDevTestTests.a */; };
/* End PBXBuildFile section */

/* Begin PBXContainerItemProxy section */
		376DE0651CBD044C004F6D24 /* PBXContainerItemProxy */ = {
			isa = PBXContainerItemProxy;
			containerPortal = 376DE0431CBD044C004F6D24 /* Project object */;
			proxyType = 1;
			remoteGlobalIDString = 376DE04A1CBD044C004F6D24;
			remoteInfo = iOSDevTest;
		};
/* End PBXContainerItemProxy section */

/* Begin PBXFileReference section */
		05A9609E6B9C73F36EECB73C /* libPods-iOSDevTestTests.a */ = {isa = PBXFileReference; explicitFileType = archive.ar; includeInIndex = 0; path = "libPods-iOSDevTestTests.a"; sourceTree = BUILT_PRODUCTS_DIR; };
		31349A7FC2BE9D85622F4F29 /* libPods-iOSDevTest.a */ = {isa = PBXFileReference; explicitFileType = archive.ar; includeInIndex = 0; path = "libPods-iOSDevTest.a"; sourceTree = BUILT_PRODUCTS_DIR; };
		376DE04B1CBD044C004F6D24 /* iOSDevTest.app */ = {isa = PBXFileReference; explicitFileType = wrapper.application; includeInIndex = 0; path = iOSDevTest.app; sourceTree = BUILT_PRODUCTS_DIR; };
		376DE04F1CBD044C004F6D24 /* main.m */ = {isa = PBXFileReference; lastKnownFileType = sourcecode.c.objc; path = main.m; sourceTree = "<group>"; };
		376DE0511CBD044C004F6D24 /* AppDelegate.h */ = {isa = PBXFileReference; lastKnownFileType = sourcecode.c.h; path = AppDelegate.h; sourceTree = "<group>"; };
		376DE0521CBD044C004F6D24 /* AppDelegate.m */ = {isa = PBXFileReference; lastKnownFileType = sourcecode.c.objc; path = AppDelegate.m; sourceTree = "<group>"; };
		376DE0541CBD044C004F6D24 /* ViewController.h */ = {isa = PBXFileReference; lastKnownFileType = sourcecode.c.h; path = ViewController.h; sourceTree = "<group>"; };
		376DE0551CBD044C004F6D24 /* ViewController.m */ = {isa = PBXFileReference; lastKnownFileType = sourcecode.c.objc; path = ViewController.m; sourceTree = "<group>"; };
		376DE0581CBD044C004F6D24 /* Base */ = {isa = PBXFileReference; lastKnownFileType = file.storyboard; name = Base; path = Base.lproj/Main.storyboard; sourceTree = "<group>"; };
		376DE05A1CBD044C004F6D24 /* Assets.xcassets */ = {isa = PBXFileReference; lastKnownFileType = folder.assetcatalog; path = Assets.xcassets; sourceTree = "<group>"; };
		376DE05D1CBD044C004F6D24 /* Base */ = {isa = PBXFileReference; lastKnownFileType = file.storyboard; name = Base; path = Base.lproj/LaunchScreen.storyboard; sourceTree = "<group>"; };
		376DE05F1CBD044C004F6D24 /* Info.plist */ = {isa = PBXFileReference; lastKnownFileType = text.plist.xml; path = Info.plist; sourceTree = "<group>"; };
		376DE0641CBD044C004F6D24 /* iOSDevTestTests.xctest */ = {isa = PBXFileReference; explicitFileType = wrapper.cfbundle; includeInIndex = 0; path = iOSDevTestTests.xctest; sourceTree = BUILT_PRODUCTS_DIR; };
		376DE0681CBD044C004F6D24 /* iOSDevTestTests.m */ = {isa = PBXFileReference; lastKnownFileType = sourcecode.c.objc; path = iOSDevTestTests.m; sourceTree = "<group>"; };
		376DE06A1CBD044C004F6D24 /* Info.plist */ = {isa = PBXFileReference; lastKnownFileType = text.plist.xml; path = Info.plist; sourceTree = "<group>"; };
		51FA2471A4E46059A73B6A9A /* Pods-iOSDevTest.release.xcconfig */ = {isa = PBXFileReference; includeInIndex = 1; lastKnownFileType = text.xcconfig; name = "Pods-iOSDevTest.release.xcconfig"; path = "Pods/Target Support Files/Pods-iOSDevTest/Pods-iOSDevTest.release.xcconfig"; sourceTree = "<group>"; };
		ABD1FC653EC6A5A71F417784 /* Pods-iOSDevTestTests.debug.xcconfig */ = {isa = PBXFileReference; includeInIndex = 1; lastKnownFileType = text.xcconfig; name = "Pods-iOSDevTestTests.debug.xcconfig"; path = "Pods/Target Support Files/Pods-iOSDevTestTests/Pods-iOSDevTestTests.debug.xcconfig"; sourceTree = "<group>"; };
		D8DA7BD3D2E2B37C7B92BD82 /* Pods-iOSDevTest.debug.xcconfig */ = {isa = PBXFileReference; includeInIndex = 1; lastKnownFileType = text.xcconfig; name = "Pods-iOSDevTest.debug.xcconfig"; path = "Pods/Target Support Files/Pods-iOSDevTest/Pods-iOSDevTest.debug.xcconfig"; sourceTree = "<group>"; };
		FCE5CA42747380DC8DFCD8CB /* Pods-iOSDevTestTests.release.xcconfig */ = {isa = PBXFileReference; includeInIndex = 1; lastKnownFileType = text.xcconfig; name = "Pods-iOSDevTestTests.release.xcconfig"; path = "Pods/Target Support Files/Pods-iOSDevTestTests/Pods-iOSDevTestTests.release.xcconfig"; sourceTree = "<group>"; };
/* End PBXFileReference section */

/* Begin PBXFrameworksBuildPhase section */
		376DE0481CBD044C004F6D24 /* Frameworks */ = {
			isa = PBXFrameworksBuildPhase;
			buildActionMask = 2147483647;
			files = (
				3C48650E11FE3A046A81A23E /* libPods-iOSDevTest.a in Frameworks */,
			);
			runOnlyForDeploymentPostprocessing = 0;
		};
		376DE0611CBD044C004F6D24 /* Frameworks */ = {
			isa = PBXFrameworksBuildPhase;
			buildActionMask = 2147483647;
			files = (
				6435F68E717C7B3F1CDA8676 /* libPods-iOSDevTestTests.a in Frameworks */,
			);
			runOnlyForDeploymentPostprocessing = 0;
		};
/* End PBXFrameworksBuildPhase section */

/* Begin PBXGroup section */
		0A5B959622C2623328E79C56 /* Pods */ = {
			isa = PBXGroup;
			children = (
				D8DA7BD3D2E2B37C7B92BD82 /* Pods-iOSDevTest.debug.xcconfig */,
				51FA2471A4E46059A73B6A9A /* Pods-iOSDevTest.release.xcconfig */,
				ABD1FC653EC6A5A71F417784 /* Pods-iOSDevTestTests.debug.xcconfig */,
				FCE5CA42747380DC8DFCD8CB /* Pods-iOSDevTestTests.release.xcconfig */,
			);
			name = Pods;
			sourceTree = "<group>";
		};
		376DE0421CBD044C004F6D24 = {
			isa = PBXGroup;
			children = (
				376DE04D1CBD044C004F6D24 /* iOSDevTest */,
				376DE0671CBD044C004F6D24 /* iOSDevTestTests */,
				376DE04C1CBD044C004F6D24 /* Products */,
				0A5B959622C2623328E79C56 /* Pods */,
				93186874A3521EC66F4DAEF3 /* Frameworks */,
			);
			sourceTree = "<group>";
		};
		376DE04C1CBD044C004F6D24 /* Products */ = {
			isa = PBXGroup;
			children = (
				376DE04B1CBD044C004F6D24 /* iOSDevTest.app */,
				376DE0641CBD044C004F6D24 /* iOSDevTestTests.xctest */,
			);
			name = Products;
			sourceTree = "<group>";
		};
		376DE04D1CBD044C004F6D24 /* iOSDevTest */ = {
			isa = PBXGroup;
			children = (
				376DE0511CBD044C004F6D24 /* AppDelegate.h */,
				376DE0521CBD044C004F6D24 /* AppDelegate.m */,
				376DE0541CBD044C004F6D24 /* ViewController.h */,
				376DE0551CBD044C004F6D24 /* ViewController.m */,
				376DE0571CBD044C004F6D24 /* Main.storyboard */,
				376DE05A1CBD044C004F6D24 /* Assets.xcassets */,
				376DE05C1CBD044C004F6D24 /* LaunchScreen.storyboard */,
				376DE05F1CBD044C004F6D24 /* Info.plist */,
				376DE04E1CBD044C004F6D24 /* Supporting Files */,
			);
			path = iOSDevTest;
			sourceTree = "<group>";
		};
		376DE04E1CBD044C004F6D24 /* Supporting Files */ = {
			isa = PBXGroup;
			children = (
				376DE04F1CBD044C004F6D24 /* main.m */,
			);
			name = "Supporting Files";
			sourceTree = "<group>";
		};
		376DE0671CBD044C004F6D24 /* iOSDevTestTests */ = {
			isa = PBXGroup;
			children = (
				376DE0681CBD044C004F6D24 /* iOSDevTestTests.m */,
				376DE06A1CBD044C004F6D24 /* Info.plist */,
			);
			path = iOSDevTestTests;
			sourceTree = "<group>";
		};
		93186874A3521EC66F4DAEF3 /* Frameworks */ = {
			isa = PBXGroup;
			children = (
				31349A7FC2BE9D85622F4F29 /* libPods-iOSDevTest.a */,
				05A9609E6B9C73F36EECB73C /* libPods-iOSDevTestTests.a */,
			);
			name = Frameworks;
			sourceTree = "<group>";
		};
/* End PBXGroup section */

/* Begin PBXNativeTarget section */
		376DE04A1CBD044C004F6D24 /* iOSDevTest */ = {
			isa = PBXNativeTarget;
			buildConfigurationList = 376DE06D1CBD044C004F6D24 /* Build configuration list for PBXNativeTarget "iOSDevTest" */;
			buildPhases = (
				345B29534CA88C1C3DE06B6F /* [CP] Check Pods Manifest.lock */,
				376DE0471CBD044C004F6D24 /* Sources */,
				376DE0481CBD044C004F6D24 /* Frameworks */,
				376DE0491CBD044C004F6D24 /* Resources */,
			);
			buildRules = (
			);
			dependencies = (
			);
			name = iOSDevTest;
			productName = iOSDevTest;
			productReference = 376DE04B1CBD044C004F6D24 /* iOSDevTest.app */;
			productType = "com.apple.product-type.application";
		};
		376DE0631CBD044C004F6D24 /* iOSDevTestTests */ = {
			isa = PBXNativeTarget;
			buildConfigurationList = 376DE0701CBD044C004F6D24 /* Build configuration list for PBXNativeTarget "iOSDevTestTests" */;
			buildPhases = (
				E7C56FA99F93C96B5A0DD488 /* [CP] Check Pods Manifest.lock */,
				376DE0601CBD044C004F6D24 /* Sources */,
				376DE0611CBD044C004F6D24 /* Frameworks */,
				376DE0621CBD044C004F6D24 /* Resources */,
			);
			buildRules = (
			);
			dependencies = (
				376DE0661CBD044C004F6D24 /* PBXTargetDependency */,
			);
			name = iOSDevTestTests;
			productName = iOSDevTestTests;
			productReference = 376DE0641CBD044C004F6D24 /* iOSDevTestTests.xctest */;
			productType = "com.apple.product-type.bundle.unit-test";
		};
/* End PBXNativeTarget section */

/* Begin PBXProject section */
		376DE0431CBD044C004F6D24 /* Project object */ = {
			isa = PBXProject;
			attributes = {
				LastUpgradeCheck = 0730;
				ORGANIZATIONNAME = "Standard Bank";
				TargetAttributes = {
					376DE04A1CBD044C004F6D24 = {
						CreatedOnToolsVersion = 7.3;
					};
					376DE0631CBD044C004F6D24 = {
						CreatedOnToolsVersion = 7.3;
						TestTargetID = 376DE04A1CBD044C004F6D24;
					};
				};
			};
			buildConfigurationList = 376DE0461CBD044C004F6D24 /* Build configuration list for PBXProject "iOSDevTest" */;
			compatibilityVersion = "Xcode 3.2";
			developmentRegion = English;
			hasScannedForEncodings = 0;
			knownRegions = (
				en,
				Base,
			);
			mainGroup = 376DE0421CBD044C004F6D24;
			productRefGroup = 376DE04C1CBD044C004F6D24 /* Products */;
			projectDirPath = "";
			projectRoot = "";
			targets = (
				376DE04A1CBD044C004F6D24 /* iOSDevTest */,
				376DE0631CBD044C004F6D24 /* iOSDevTestTests */,
			);
		};
/* End PBXProject section */

/* Begin PBXResourcesBuildPhase section */
		376DE0491CBD044C004F6D24 /* Resources */ = {
			isa = PBXResourcesBuildPhase;
			buildActionMask = 2147483647;
			files = (
				376DE05E1CBD044C004F6D24 /* LaunchScreen.storyboard in Resources */,
				376DE05B1CBD044C004F6D24 /* Assets.xcassets in Resources */,
				376DE0591CBD044C004F6D24 /* Main.storyboard in Resources */,
			);
			runOnlyForDeploymentPostprocessing = 0;
		};
		376DE0621CBD044C004F6D24 /* Resources */ = {
			isa = PBXResourcesBuildPhase;
			buildActionMask = 2147483647;
			files = (
			);
			runOnlyForDeploymentPostprocessing = 0;
		};
/* End PBXResourcesBuildPhase section */

/* Begin PBXShellScriptBuildPhase section */
		345B29534CA88C1C3DE06B6F /* [CP] Check Pods Manifest.lock */ = {
			isa = PBXShellScriptBuildPhase;
			buildActionMask = 2147483647;
			files = (
			);
			inputPaths = (
				"${PODS_PODFILE_DIR_PATH}/Podfile.lock",
				"${PODS_ROOT}/Manifest.lock",
			);
			name = "[CP] Check Pods Manifest.lock";
			outputPaths = (
				"$(DERIVED_FILE_DIR)/Pods-iOSDevTest-checkManifestLockResult.txt",
			);
			runOnlyForDeploymentPostprocessing = 0;
			shellPath = /bin/sh;
			shellScript = "diff \"${PODS_PODFILE_DIR_PATH}/Podfile.lock\" \"${PODS_ROOT}/Manifest.lock\" > /dev/null\nif [ $? != 0 ] ; then\n    # print error to STDERR\n    echo \"error: The sandbox is not in sync with the Podfile.lock. Run 'pod install' or update your CocoaPods installation.\" >&2\n    exit 1\nfi\n# This output is used by Xcode 'outputs' to avoid re-running this script phase.\necho \"SUCCESS\" > \"${SCRIPT_OUTPUT_FILE_0}\"\n";
			showEnvVarsInLog = 0;
		};
		E7C56FA99F93C96B5A0DD488 /* [CP] Check Pods Manifest.lock */ = {
			isa = PBXShellScriptBuildPhase;
			buildActionMask = 2147483647;
			files = (
			);
			inputPaths = (
				"${PODS_PODFILE_DIR_PATH}/Podfile.lock",
				"${PODS_ROOT}/Manifest.lock",
			);
			name = "[CP] Check Pods Manifest.lock";
			outputPaths = (
				"$(DERIVED_FILE_DIR)/Pods-iOSDevTestTests-checkManifestLockResult.txt",
			);
			runOnlyForDeploymentPostprocessing = 0;
			shellPath = /bin/sh;
			shellScript = "diff \"${PODS_PODFILE_DIR_PATH}/Podfile.lock\" \"${PODS_ROOT}/Manifest.lock\" > /dev/null\nif [ $? != 0 ] ; then\n    # print error to STDERR\n    echo \"error: The sandbox is not in sync with the Podfile.lock. Run 'pod install' or update your CocoaPods installation.\" >&2\n    exit 1\nfi\n# This output is used by Xcode 'outputs' to avoid re-running this script phase.\necho \"SUCCESS\" > \"${SCRIPT_OUTPUT_FILE_0}\"\n";
			showEnvVarsInLog = 0;
		};
/* End PBXShellScriptBuildPhase section */

/* Begin PBXSourcesBuildPhase section */
		376DE0471CBD044C004F6D24 /* Sources */ = {
			isa = PBXSourcesBuildPhase;
			buildActionMask = 2147483647;
			files = (
				376DE0561CBD044C004F6D24 /* ViewController.m in Sources */,
				376DE0531CBD044C004F6D24 /* AppDelegate.m in Sources */,
				376DE0501CBD044C004F6D24 /* main.m in Sources */,
			);
			runOnlyForDeploymentPostprocessing = 0;
		};
		376DE0601CBD044C004F6D24 /* Sources */ = {
			isa = PBXSourcesBuildPhase;
			buildActionMask = 2147483647;
			files = (
				376DE0691CBD044C004F6D24 /* iOSDevTestTests.m in Sources */,
			);
			runOnlyForDeploymentPostprocessing = 0;
		};
/* End PBXSourcesBuildPhase section */

/* Begin PBXTargetDependency section */
		376DE0661CBD044C004F6D24 /* PBXTargetDependency */ = {
			isa = PBXTargetDependency;
			target = 376DE04A1CBD044C004F6D24 /* iOSDevTest */;
			targetProxy = 376DE0651CBD044C004F6D24 /* PBXContainerItemProxy */;
		};
/* End PBXTargetDependency section */

/* Begin PBXVariantGroup section */
		376DE0571CBD044C004F6D24 /* Main.storyboard */ = {
			isa = PBXVariantGroup;
			children = (
				376DE0581CBD044C004F6D24 /* Base */,
			);
			name = Main.storyboard;
			sourceTree = "<group>";
		};
		376DE05C1CBD044C004F6D24 /* LaunchScreen.storyboard */ = {
			isa = PBXVariantGroup;
			children = (
				376DE05D1CBD044C004F6D24 /* Base */,
			);
			name = LaunchScreen.storyboard;
			sourceTree = "<group>";
		};
/* End PBXVariantGroup section */

/* Begin XCBuildConfiguration section */
		376DE06B1CBD044C004F6D24 /* Debug */ = {
			isa = XCBuildConfiguration;
			buildSettings = {
				ALWAYS_SEARCH_USER_PATHS = NO;
				CLANG_ANALYZER_NONNULL = YES;
				CLANG_CXX_LANGUAGE_STANDARD = "gnu++0x";
				CLANG_CXX_LIBRARY = "libc++";
				CLANG_ENABLE_MODULES = YES;
				CLANG_ENABLE_OBJC_ARC = YES;
				CLANG_WARN_BOOL_CONVERSION = YES;
				CLANG_WARN_CONSTANT_CONVERSION = YES;
				CLANG_WARN_DIRECT_OBJC_ISA_USAGE = YES_ERROR;
				CLANG_WARN_EMPTY_BODY = YES;
				CLANG_WARN_ENUM_CONVERSION = YES;
				CLANG_WARN_INT_CONVERSION = YES;
				CLANG_WARN_OBJC_ROOT_CLASS = YES_ERROR;
				CLANG_WARN_UNREACHABLE_CODE = YES;
				CLANG_WARN__DUPLICATE_METHOD_MATCH = YES;
				"CODE_SIGN_IDENTITY[sdk=iphoneos*]" = "iPhone Developer";
				COPY_PHASE_STRIP = NO;
				DEBUG_INFORMATION_FORMAT = dwarf;
				ENABLE_STRICT_OBJC_MSGSEND = YES;
				ENABLE_TESTABILITY = YES;
				GCC_C_LANGUAGE_STANDARD = gnu99;
				GCC_DYNAMIC_NO_PIC = NO;
				GCC_NO_COMMON_BLOCKS = YES;
				GCC_OPTIMIZATION_LEVEL = 0;
				GCC_PREPROCESSOR_DEFINITIONS = (
					"DEBUG=1",
					"$(inherited)",
				);
				GCC_WARN_64_TO_32_BIT_CONVERSION = YES;
				GCC_WARN_ABOUT_RETURN_TYPE = YES_ERROR;
				GCC_WARN_UNDECLARED_SELECTOR = YES;
				GCC_WARN_UNINITIALIZED_AUTOS = YES_AGGRESSIVE;
				GCC_WARN_UNUSED_FUNCTION = YES;
				GCC_WARN_UNUSED_VARIABLE = YES;
				IPHONEOS_DEPLOYMENT_TARGET = 9.3;
				MTL_ENABLE_DEBUG_INFO = YES;
				ONLY_ACTIVE_ARCH = YES;
				SDKROOT = iphoneos;
				TARGETED_DEVICE_FAMILY = "1,2";
			};
			name = Debug;
		};
		376DE06C1CBD044C004F6D24 /* Release */ = {
			isa = XCBuildConfiguration;
			buildSettings = {
				ALWAYS_SEARCH_USER_PATHS = NO;
				CLANG_ANALYZER_NONNULL = YES;
				CLANG_CXX_LANGUAGE_STANDARD = "gnu++0x";
				CLANG_CXX_LIBRARY = "libc++";
				CLANG_ENABLE_MODULES = YES;
				CLANG_ENABLE_OBJC_ARC = YES;
				CLANG_WARN_BOOL_CONVERSION = YES;
				CLANG_WARN_CONSTANT_CONVERSION = YES;
				CLANG_WARN_DIRECT_OBJC_ISA_USAGE = YES_ERROR;
				CLANG_WARN_EMPTY_BODY = YES;
				CLANG_WARN_ENUM_CONVERSION = YES;
				CLANG_WARN_INT_CONVERSION = YES;
				CLANG_WARN_OBJC_ROOT_CLASS = YES_ERROR;
				CLANG_WARN_UNREACHABLE_CODE = YES;
				CLANG_WARN__DUPLICATE_METHOD_MATCH = YES;
				"CODE_SIGN_IDENTITY[sdk=iphoneos*]" = "iPhone Developer";
				COPY_PHASE_STRIP = NO;
				DEBUG_INFORMATION_FORMAT = "dwarf-with-dsym";
				ENABLE_NS_ASSERTIONS = NO;
				ENABLE_STRICT_OBJC_MSGSEND = YES;
				GCC_C_LANGUAGE_STANDARD = gnu99;
				GCC_NO_COMMON_BLOCKS = YES;
				GCC_WARN_64_TO_32_BIT_CONVERSION = YES;
				GCC_WARN_ABOUT_RETURN_TYPE = YES_ERROR;
				GCC_WARN_UNDECLARED_SELECTOR = YES;
				GCC_WARN_UNINITIALIZED_AUTOS = YES_AGGRESSIVE;
				GCC_WARN_UNUSED_FUNCTION = YES;
				GCC_WARN_UNUSED_VARIABLE = YES;
				IPHONEOS_DEPLOYMENT_TARGET = 9.3;
				MTL_ENABLE_DEBUG_INFO = NO;
				SDKROOT = iphoneos;
				TARGETED_DEVICE_FAMILY = "1,2";
				VALIDATE_PRODUCT = YES;
			};
			name = Release;
		};
		376DE06E1CBD044C004F6D24 /* Debug */ = {
			isa = XCBuildConfiguration;
			baseConfigurationReference = D8DA7BD3D2E2B37C7B92BD82 /* Pods-iOSDevTest.debug.xcconfig */;
			buildSettings = {
				ASSETCATALOG_COMPILER_APPICON_NAME = AppIcon;
				INFOPLIST_FILE = iOSDevTest/Info.plist;
				LD_RUNPATH_SEARCH_PATHS = "$(inherited) @executable_path/Frameworks";
				PRODUCT_BUNDLE_IDENTIFIER = com.standardbank.iOSDevTest;
				PRODUCT_NAME = "$(TARGET_NAME)";
			};
			name = Debug;
		};
		376DE06F1CBD044C004F6D24 /* Release */ = {
			isa = XCBuildConfiguration;
			baseConfigurationReference = 51FA2471A4E46059A73B6A9A /* Pods-iOSDevTest.release.xcconfig */;
			buildSettings = {
				ASSETCATALOG_COMPILER_APPICON_NAME = AppIcon;
				INFOPLIST_FILE = iOSDevTest/Info.plist;
				LD_RUNPATH_SEARCH_PATHS = "$(inherited) @executable_path/Frameworks";
				PRODUCT_BUNDLE_IDENTIFIER = com.standardbank.iOSDevTest;
				PRODUCT_NAME = "$(TARGET_NAME)";
			};
			name = Release;
		};
		376DE0711CBD044C004F6D24 /* Debug */ = {
			isa = XCBuildConfiguration;
			baseConfigurationReference = ABD1FC653EC6A5A71F417784 /* Pods-iOSDevTestTests.debug.xcconfig */;
			buildSettings = {
				BUNDLE_LOADER = "$(TEST_HOST)";
				INFOPLIST_FILE = iOSDevTestTests/Info.plist;
				LD_RUNPATH_SEARCH_PATHS = "$(inherited) @executable_path/Frameworks @loader_path/Frameworks";
				PRODUCT_BUNDLE_IDENTIFIER = com.standardbank.iOSDevTestTests;
				PRODUCT_NAME = "$(TARGET_NAME)";
				TEST_HOST = "$(BUILT_PRODUCTS_DIR)/iOSDevTest.app/iOSDevTest";
			};
			name = Debug;
		};
		376DE0721CBD044C004F6D24 /* Release */ = {
			isa = XCBuildConfiguration;
			baseConfigurationReference = FCE5CA42747380DC8DFCD8CB /* Pods-iOSDevTestTests.release.xcconfig */;
			buildSettings = {
				BUNDLE_LOADER = "$(TEST_HOST)";
				INFOPLIST_FILE = iOSDevTestTests/Info.plist;
				LD_RUNPATH_SEARCH_PATHS = "$(inherited) @executable_path/Frameworks @loader_path/Frameworks";
				PRODUCT_BUNDLE_IDENTIFIER = com.standardbank.iOSDevTestTests;
				PRODUCT_NAME = "$(TARGET_NAME)";
				TEST_HOST = "$(BUILT_PRODUCTS_DIR)/iOSDevTest.app/iOSDevTest";
			};
			name = Release;
		};
/* End XCBuildConfiguration section */

/* Begin XCConfigurationList section */
		376DE0461CBD044C004F6D24 /* Build configuration list for PBXProject "iOSDevTest" */ = {
			isa = XCConfigurationList;
			buildConfigurations = (
				376DE06B1CBD044C004F6D24 /* Debug */,
				376DE06C1CBD044C004F6D24 /* Release */,
			);
			defaultConfigurationIsVisible = 0;
			defaultConfigurationName = Release;
		};
		376DE06D1CBD044C004F6D24 /* Build configuration list for PBXNativeTarget "iOSDevTest" */ = {
			isa = XCConfigurationList;
			buildConfigurations = (
				376DE06E1CBD044C004F6D24 /* Debug */,
				376DE06F1CBD044C004F6D24 /* Release */,
			);
			defaultConfigurationIsVisible = 0;
		};
		376DE0701CBD044C004F6D24 /* Build configuration list for PBXNativeTarget "iOSDevTestTests" */ = {
			isa = XCConfigurationList;
			buildConfigurations = (
				376DE0711CBD044C004F6D24 /* Debug */,
				376DE0721CBD044C004F6D24 /* Release */,
			);
			defaultConfigurationIsVisible = 0;
		};
/* End XCConfigurationList section */
	};
	rootObject = 376DE0431CBD044C004F6D24 /* Project object */;
}
